// !$*UTF8*$!
{
	archiveVersion = 1;
	classes = {
	};
	objectVersion = 56;
	objects = {

/* Begin PBXBuildFile section */
		09D8FB0070B9D864BF98723B /* Pods_ViewCodeAndMVVM.framework in Frameworks */ = {isa = PBXBuildFile; fileRef = 9BF00A7DEA1BB289ACB9FC6C /* Pods_ViewCodeAndMVVM.framework */; };
		8A88948729426511004636E1 /* Service.swift in Sources */ = {isa = PBXBuildFile; fileRef = 8A88948629426511004636E1 /* Service.swift */; };
		8A889489294269D8004636E1 /* user.json in Resources */ = {isa = PBXBuildFile; fileRef = 8A889488294269D8004636E1 /* user.json */; };
		8AA321A62940CBC2008CA195 /* HomeScreenView.swift in Sources */ = {isa = PBXBuildFile; fileRef = 8AA321A52940CBC2008CA195 /* HomeScreenView.swift */; };
		8AC9413E2940FBD600DB41E6 /* CustomTableViewCellScreen.swift in Sources */ = {isa = PBXBuildFile; fileRef = 8AC9413D2940FBD600DB41E6 /* CustomTableViewCellScreen.swift */; };
		8AEA8671293B81010027E5E8 /* AppDelegate.swift in Sources */ = {isa = PBXBuildFile; fileRef = 8AEA8670293B81010027E5E8 /* AppDelegate.swift */; };
		8AEA8673293B81010027E5E8 /* SceneDelegate.swift in Sources */ = {isa = PBXBuildFile; fileRef = 8AEA8672293B81010027E5E8 /* SceneDelegate.swift */; };
		8AEA8675293B81010027E5E8 /* HomeViewController.swift in Sources */ = {isa = PBXBuildFile; fileRef = 8AEA8674293B81010027E5E8 /* HomeViewController.swift */; };
		8AEA867A293B81030027E5E8 /* Assets.xcassets in Resources */ = {isa = PBXBuildFile; fileRef = 8AEA8679293B81030027E5E8 /* Assets.xcassets */; };
		8AEA867D293B81030027E5E8 /* LaunchScreen.storyboard in Resources */ = {isa = PBXBuildFile; fileRef = 8AEA867B293B81030027E5E8 /* LaunchScreen.storyboard */; };
		8AEA8686293B84FD0027E5E8 /* User.swift in Sources */ = {isa = PBXBuildFile; fileRef = 8AEA8685293B84FD0027E5E8 /* User.swift */; };
		8AEA868A293B859A0027E5E8 /* ViewModel.swift in Sources */ = {isa = PBXBuildFile; fileRef = 8AEA8689293B859A0027E5E8 /* ViewModel.swift */; };
		8AEA868E293B8EA40027E5E8 /* CustomCellViewModel.swift in Sources */ = {isa = PBXBuildFile; fileRef = 8AEA868D293B8EA40027E5E8 /* CustomCellViewModel.swift */; };
		8AEA8690293B919B0027E5E8 /* CustomTableViewCell.swift in Sources */ = {isa = PBXBuildFile; fileRef = 8AEA868F293B919B0027E5E8 /* CustomTableViewCell.swift */; };
/* End PBXBuildFile section */

/* Begin PBXFileReference section */
		8A88948629426511004636E1 /* Service.swift */ = {isa = PBXFileReference; lastKnownFileType = sourcecode.swift; path = Service.swift; sourceTree = "<group>"; };
		8A889488294269D8004636E1 /* user.json */ = {isa = PBXFileReference; lastKnownFileType = text.json; path = user.json; sourceTree = "<group>"; };
		8AA321A52940CBC2008CA195 /* HomeScreenView.swift */ = {isa = PBXFileReference; lastKnownFileType = sourcecode.swift; path = HomeScreenView.swift; sourceTree = "<group>"; };
		8AC9413D2940FBD600DB41E6 /* CustomTableViewCellScreen.swift */ = {isa = PBXFileReference; lastKnownFileType = sourcecode.swift; path = CustomTableViewCellScreen.swift; sourceTree = "<group>"; };
		8AEA866D293B81010027E5E8 /* ViewCodeAndMVVM.app */ = {isa = PBXFileReference; explicitFileType = wrapper.application; includeInIndex = 0; path = ViewCodeAndMVVM.app; sourceTree = BUILT_PRODUCTS_DIR; };
		8AEA8670293B81010027E5E8 /* AppDelegate.swift */ = {isa = PBXFileReference; lastKnownFileType = sourcecode.swift; path = AppDelegate.swift; sourceTree = "<group>"; };
		8AEA8672293B81010027E5E8 /* SceneDelegate.swift */ = {isa = PBXFileReference; lastKnownFileType = sourcecode.swift; path = SceneDelegate.swift; sourceTree = "<group>"; };
		8AEA8674293B81010027E5E8 /* HomeViewController.swift */ = {isa = PBXFileReference; lastKnownFileType = sourcecode.swift; path = HomeViewController.swift; sourceTree = "<group>"; };
		8AEA8679293B81030027E5E8 /* Assets.xcassets */ = {isa = PBXFileReference; lastKnownFileType = folder.assetcatalog; path = Assets.xcassets; sourceTree = "<group>"; };
		8AEA867C293B81030027E5E8 /* Base */ = {isa = PBXFileReference; lastKnownFileType = file.storyboard; name = Base; path = Base.lproj/LaunchScreen.storyboard; sourceTree = "<group>"; };
		8AEA867E293B81030027E5E8 /* Info.plist */ = {isa = PBXFileReference; lastKnownFileType = text.plist.xml; path = Info.plist; sourceTree = "<group>"; };
		8AEA8685293B84FD0027E5E8 /* User.swift */ = {isa = PBXFileReference; lastKnownFileType = sourcecode.swift; path = User.swift; sourceTree = "<group>"; };
		8AEA8689293B859A0027E5E8 /* ViewModel.swift */ = {isa = PBXFileReference; lastKnownFileType = sourcecode.swift; path = ViewModel.swift; sourceTree = "<group>"; };
		8AEA868D293B8EA40027E5E8 /* CustomCellViewModel.swift */ = {isa = PBXFileReference; lastKnownFileType = sourcecode.swift; path = CustomCellViewModel.swift; sourceTree = "<group>"; };
		8AEA868F293B919B0027E5E8 /* CustomTableViewCell.swift */ = {isa = PBXFileReference; lastKnownFileType = sourcecode.swift; path = CustomTableViewCell.swift; sourceTree = "<group>"; };
		9BF00A7DEA1BB289ACB9FC6C /* Pods_ViewCodeAndMVVM.framework */ = {isa = PBXFileReference; explicitFileType = wrapper.framework; includeInIndex = 0; path = Pods_ViewCodeAndMVVM.framework; sourceTree = BUILT_PRODUCTS_DIR; };
		BA222ECEDD8967D7B7489CEC /* Pods-ViewCodeAndMVVM.debug.xcconfig */ = {isa = PBXFileReference; includeInIndex = 1; lastKnownFileType = text.xcconfig; name = "Pods-ViewCodeAndMVVM.debug.xcconfig"; path = "Target Support Files/Pods-ViewCodeAndMVVM/Pods-ViewCodeAndMVVM.debug.xcconfig"; sourceTree = "<group>"; };
		D2EB74D4A229E3A072BB1700 /* Pods-ViewCodeAndMVVM.release.xcconfig */ = {isa = PBXFileReference; includeInIndex = 1; lastKnownFileType = text.xcconfig; name = "Pods-ViewCodeAndMVVM.release.xcconfig"; path = "Target Support Files/Pods-ViewCodeAndMVVM/Pods-ViewCodeAndMVVM.release.xcconfig"; sourceTree = "<group>"; };
/* End PBXFileReference section */

/* Begin PBXFrameworksBuildPhase section */
		8AEA866A293B81010027E5E8 /* Frameworks */ = {
			isa = PBXFrameworksBuildPhase;
			buildActionMask = 2147483647;
			files = (
				09D8FB0070B9D864BF98723B /* Pods_ViewCodeAndMVVM.framework in Frameworks */,
			);
			runOnlyForDeploymentPostprocessing = 0;
		};
/* End PBXFrameworksBuildPhase section */

/* Begin PBXGroup section */
		4EBA13FF375739495FE891D7 /* Pods */ = {
			isa = PBXGroup;
			children = (
				BA222ECEDD8967D7B7489CEC /* Pods-ViewCodeAndMVVM.debug.xcconfig */,
				D2EB74D4A229E3A072BB1700 /* Pods-ViewCodeAndMVVM.release.xcconfig */,
			);
			name = Pods;
			path = Pods;
			sourceTree = "<group>";
		};
		69FFE14FCAD35AE5279F60E3 /* Frameworks */ = {
			isa = PBXGroup;
			children = (
				9BF00A7DEA1BB289ACB9FC6C /* Pods_ViewCodeAndMVVM.framework */,
			);
			name = Frameworks;
			sourceTree = "<group>";
		};
		8A889485294264F9004636E1 /* Service */ = {
			isa = PBXGroup;
			children = (
				8A88948629426511004636E1 /* Service.swift */,
			);
			path = Service;
			sourceTree = "<group>";
		};
		8AA321A42940CBA2008CA195 /* Screen */ = {
			isa = PBXGroup;
			children = (
				8AA321A52940CBC2008CA195 /* HomeScreenView.swift */,
			);
			path = Screen;
			sourceTree = "<group>";
		};
		8AC9413C2940FBC200DB41E6 /* Screen */ = {
			isa = PBXGroup;
			children = (
				8AC9413D2940FBD600DB41E6 /* CustomTableViewCellScreen.swift */,
			);
			path = Screen;
			sourceTree = "<group>";
		};
		8AEA8664293B81010027E5E8 = {
			isa = PBXGroup;
			children = (
				8AEA866E293B81010027E5E8 /* Products */,
				8AEA866F293B81010027E5E8 /* ViewCodeAndMVVM */,
				4EBA13FF375739495FE891D7 /* Pods */,
				69FFE14FCAD35AE5279F60E3 /* Frameworks */,
			);
			sourceTree = "<group>";
		};
		8AEA866E293B81010027E5E8 /* Products */ = {
			isa = PBXGroup;
			children = (
				8AEA866D293B81010027E5E8 /* ViewCodeAndMVVM.app */,
			);
			name = Products;
			sourceTree = "<group>";
		};
		8AEA866F293B81010027E5E8 /* ViewCodeAndMVVM */ = {
			isa = PBXGroup;
			children = (
				8A889485294264F9004636E1 /* Service */,
				8AEA868B293B8E6D0027E5E8 /* Cell */,
				8AEA8688293B85790027E5E8 /* View */,
				8AEA8687293B85700027E5E8 /* ViewModel */,
				8AEA8684293B84E70027E5E8 /* Model */,
				8AEA8670293B81010027E5E8 /* AppDelegate.swift */,
				8AEA8672293B81010027E5E8 /* SceneDelegate.swift */,
				8AEA8679293B81030027E5E8 /* Assets.xcassets */,
				8AEA867B293B81030027E5E8 /* LaunchScreen.storyboard */,
				8AEA867E293B81030027E5E8 /* Info.plist */,
				8A889488294269D8004636E1 /* user.json */,
			);
			path = ViewCodeAndMVVM;
			sourceTree = "<group>";
		};
		8AEA8684293B84E70027E5E8 /* Model */ = {
			isa = PBXGroup;
			children = (
				8AEA8685293B84FD0027E5E8 /* User.swift */,
			);
			path = Model;
			sourceTree = "<group>";
		};
		8AEA8687293B85700027E5E8 /* ViewModel */ = {
			isa = PBXGroup;
			children = (
				8AEA8689293B859A0027E5E8 /* ViewModel.swift */,
			);
			path = ViewModel;
			sourceTree = "<group>";
		};
		8AEA8688293B85790027E5E8 /* View */ = {
			isa = PBXGroup;
			children = (
				8AA321A42940CBA2008CA195 /* Screen */,
				8AEA8674293B81010027E5E8 /* HomeViewController.swift */,
			);
			path = View;
			sourceTree = "<group>";
		};
		8AEA868B293B8E6D0027E5E8 /* Cell */ = {
			isa = PBXGroup;
			children = (
				8AC9413C2940FBC200DB41E6 /* Screen */,
				8AEA868C293B8E7F0027E5E8 /* ViewModel */,
				8AEA868F293B919B0027E5E8 /* CustomTableViewCell.swift */,
			);
			path = Cell;
			sourceTree = "<group>";
		};
		8AEA868C293B8E7F0027E5E8 /* ViewModel */ = {
			isa = PBXGroup;
			children = (
				8AEA868D293B8EA40027E5E8 /* CustomCellViewModel.swift */,
			);
			path = ViewModel;
			sourceTree = "<group>";
		};
/* End PBXGroup section */

/* Begin PBXNativeTarget section */
		8AEA866C293B81010027E5E8 /* ViewCodeAndMVVM */ = {
			isa = PBXNativeTarget;
			buildConfigurationList = 8AEA8681293B81030027E5E8 /* Build configuration list for PBXNativeTarget "ViewCodeAndMVVM" */;
			buildPhases = (
				B403B9DAF415D236DBAF62F4 /* [CP] Check Pods Manifest.lock */,
				8AEA8669293B81010027E5E8 /* Sources */,
				8AEA866A293B81010027E5E8 /* Frameworks */,
				8AEA866B293B81010027E5E8 /* Resources */,
				6CC0BBDEAE8E7EE6FDFDB371 /* [CP] Embed Pods Frameworks */,
			);
			buildRules = (
			);
			dependencies = (
			);
			name = ViewCodeAndMVVM;
			productName = ViewCodeAndMVVM;
			productReference = 8AEA866D293B81010027E5E8 /* ViewCodeAndMVVM.app */;
			productType = "com.apple.product-type.application";
		};
/* End PBXNativeTarget section */

/* Begin PBXProject section */
		8AEA8665293B81010027E5E8 /* Project object */ = {
			isa = PBXProject;
			attributes = {
				BuildIndependentTargetsInParallel = 1;
				LastSwiftUpdateCheck = 1410;
				LastUpgradeCheck = 1410;
				TargetAttributes = {
					8AEA866C293B81010027E5E8 = {
						CreatedOnToolsVersion = 14.1;
					};
				};
			};
			buildConfigurationList = 8AEA8668293B81010027E5E8 /* Build configuration list for PBXProject "ViewCodeAndMVVM" */;
			compatibilityVersion = "Xcode 14.0";
			developmentRegion = en;
			hasScannedForEncodings = 0;
			knownRegions = (
				en,
				Base,
			);
			mainGroup = 8AEA8664293B81010027E5E8;
			productRefGroup = 8AEA866E293B81010027E5E8 /* Products */;
			projectDirPath = "";
			projectRoot = "";
			targets = (
				8AEA866C293B81010027E5E8 /* ViewCodeAndMVVM */,
			);
		};
/* End PBXProject section */

/* Begin PBXResourcesBuildPhase section */
		8AEA866B293B81010027E5E8 /* Resources */ = {
			isa = PBXResourcesBuildPhase;
			buildActionMask = 2147483647;
			files = (
				8A889489294269D8004636E1 /* user.json in Resources */,
				8AEA867D293B81030027E5E8 /* LaunchScreen.storyboard in Resources */,
				8AEA867A293B81030027E5E8 /* Assets.xcassets in Resources */,
			);
			runOnlyForDeploymentPostprocessing = 0;
		};
/* End PBXResourcesBuildPhase section */

/* Begin PBXShellScriptBuildPhase section */
		6CC0BBDEAE8E7EE6FDFDB371 /* [CP] Embed Pods Frameworks */ = {
			isa = PBXShellScriptBuildPhase;
			buildActionMask = 2147483647;
			files = (
			);
			inputFileListPaths = (
				"${PODS_ROOT}/Target Support Files/Pods-ViewCodeAndMVVM/Pods-ViewCodeAndMVVM-frameworks-${CONFIGURATION}-input-files.xcfilelist",
			);
			name = "[CP] Embed Pods Frameworks";
			outputFileListPaths = (
				"${PODS_ROOT}/Target Support Files/Pods-ViewCodeAndMVVM/Pods-ViewCodeAndMVVM-frameworks-${CONFIGURATION}-output-files.xcfilelist",
			);
			runOnlyForDeploymentPostprocessing = 0;
			shellPath = /bin/sh;
			shellScript = "\"${PODS_ROOT}/Target Support Files/Pods-ViewCodeAndMVVM/Pods-ViewCodeAndMVVM-frameworks.sh\"\n";
			showEnvVarsInLog = 0;
		};
		B403B9DAF415D236DBAF62F4 /* [CP] Check Pods Manifest.lock */ = {
			isa = PBXShellScriptBuildPhase;
			buildActionMask = 2147483647;
			files = (
			);
			inputFileListPaths = (
			);
			inputPaths = (
				"${PODS_PODFILE_DIR_PATH}/Podfile.lock",
				"${PODS_ROOT}/Manifest.lock",
			);
			name = "[CP] Check Pods Manifest.lock";
			outputFileListPaths = (
			);
			outputPaths = (
				"$(DERIVED_FILE_DIR)/Pods-ViewCodeAndMVVM-checkManifestLockResult.txt",
			);
			runOnlyForDeploymentPostprocessing = 0;
			shellPath = /bin/sh;
			shellScript = "diff \"${PODS_PODFILE_DIR_PATH}/Podfile.lock\" \"${PODS_ROOT}/Manifest.lock\" > /dev/null\nif [ $? != 0 ] ; then\n    # print error to STDERR\n    echo \"error: The sandbox is not in sync with the Podfile.lock. Run 'pod install' or update your CocoaPods installation.\" >&2\n    exit 1\nfi\n# This output is used by Xcode 'outputs' to avoid re-running this script phase.\necho \"SUCCESS\" > \"${SCRIPT_OUTPUT_FILE_0}\"\n";
			showEnvVarsInLog = 0;
		};
/* End PBXShellScriptBuildPhase section */

/* Begin PBXSourcesBuildPhase section */
		8AEA8669293B81010027E5E8 /* Sources */ = {
			isa = PBXSourcesBuildPhase;
			buildActionMask = 2147483647;
			files = (
				8AC9413E2940FBD600DB41E6 /* CustomTableViewCellScreen.swift in Sources */,
				8AEA868A293B859A0027E5E8 /* ViewModel.swift in Sources */,
				8AEA868E293B8EA40027E5E8 /* CustomCellViewModel.swift in Sources */,
				8AEA8675293B81010027E5E8 /* HomeViewController.swift in Sources */,
				8AA321A62940CBC2008CA195 /* HomeScreenView.swift in Sources */,
				8AEA8690293B919B0027E5E8 /* CustomTableViewCell.swift in Sources */,
				8AEA8671293B81010027E5E8 /* AppDelegate.swift in Sources */,
				8A88948729426511004636E1 /* Service.swift in Sources */,
				8AEA8686293B84FD0027E5E8 /* User.swift in Sources */,
				8AEA8673293B81010027E5E8 /* SceneDelegate.swift in Sources */,
			);
			runOnlyForDeploymentPostprocessing = 0;
		};
/* End PBXSourcesBuildPhase section */

/* Begin PBXVariantGroup section */
		8AEA867B293B81030027E5E8 /* LaunchScreen.storyboard */ = {
			isa = PBXVariantGroup;
			children = (
				8AEA867C293B81030027E5E8 /* Base */,
			);
			name = LaunchScreen.storyboard;
			sourceTree = "<group>";
		};
/* End PBXVariantGroup section */

/* Begin XCBuildConfiguration section */
		8AEA867F293B81030027E5E8 /* Debug */ = {
			isa = XCBuildConfiguration;
			buildSettings = {
				ALWAYS_SEARCH_USER_PATHS = NO;
				CLANG_ANALYZER_NONNULL = YES;
				CLANG_ANALYZER_NUMBER_OBJECT_CONVERSION = YES_AGGRESSIVE;
				CLANG_CXX_LANGUAGE_STANDARD = "gnu++20";
				CLANG_ENABLE_MODULES = YES;
				CLANG_ENABLE_OBJC_ARC = YES;
				CLANG_ENABLE_OBJC_WEAK = YES;
				CLANG_WARN_BLOCK_CAPTURE_AUTORELEASING = YES;
				CLANG_WARN_BOOL_CONVERSION = YES;
				CLANG_WARN_COMMA = YES;
				CLANG_WARN_CONSTANT_CONVERSION = YES;
				CLANG_WARN_DEPRECATED_OBJC_IMPLEMENTATIONS = YES;
				CLANG_WARN_DIRECT_OBJC_ISA_USAGE = YES_ERROR;
				CLANG_WARN_DOCUMENTATION_COMMENTS = YES;
				CLANG_WARN_EMPTY_BODY = YES;
				CLANG_WARN_ENUM_CONVERSION = YES;
				CLANG_WARN_INFINITE_RECURSION = YES;
				CLANG_WARN_INT_CONVERSION = YES;
				CLANG_WARN_NON_LITERAL_NULL_CONVERSION = YES;
				CLANG_WARN_OBJC_IMPLICIT_RETAIN_SELF = YES;
				CLANG_WARN_OBJC_LITERAL_CONVERSION = YES;
				CLANG_WARN_OBJC_ROOT_CLASS = YES_ERROR;
				CLANG_WARN_QUOTED_INCLUDE_IN_FRAMEWORK_HEADER = YES;
				CLANG_WARN_RANGE_LOOP_ANALYSIS = YES;
				CLANG_WARN_STRICT_PROTOTYPES = YES;
				CLANG_WARN_SUSPICIOUS_MOVE = YES;
				CLANG_WARN_UNGUARDED_AVAILABILITY = YES_AGGRESSIVE;
				CLANG_WARN_UNREACHABLE_CODE = YES;
				CLANG_WARN__DUPLICATE_METHOD_MATCH = YES;
				COPY_PHASE_STRIP = NO;
				DEBUG_INFORMATION_FORMAT = dwarf;
				ENABLE_STRICT_OBJC_MSGSEND = YES;
				ENABLE_TESTABILITY = YES;
				GCC_C_LANGUAGE_STANDARD = gnu11;
				GCC_DYNAMIC_NO_PIC = NO;
				GCC_NO_COMMON_BLOCKS = YES;
				GCC_OPTIMIZATION_LEVEL = 0;
				GCC_PREPROCESSOR_DEFINITIONS = (
					"DEBUG=1",
					"$(inherited)",
				);
				GCC_WARN_64_TO_32_BIT_CONVERSION = YES;
				GCC_WARN_ABOUT_RETURN_TYPE = YES_ERROR;
				GCC_WARN_UNDECLARED_SELECTOR = YES;
				GCC_WARN_UNINITIALIZED_AUTOS = YES_AGGRESSIVE;
				GCC_WARN_UNUSED_FUNCTION = YES;
				GCC_WARN_UNUSED_VARIABLE = YES;
				IPHONEOS_DEPLOYMENT_TARGET = 16.1;
				MTL_ENABLE_DEBUG_INFO = INCLUDE_SOURCE;
				MTL_FAST_MATH = YES;
				ONLY_ACTIVE_ARCH = YES;
				SDKROOT = iphoneos;
				SWIFT_ACTIVE_COMPILATION_CONDITIONS = DEBUG;
				SWIFT_OPTIMIZATION_LEVEL = "-Onone";
			};
			name = Debug;
		};
		8AEA8680293B81030027E5E8 /* Release */ = {
			isa = XCBuildConfiguration;
			buildSettings = {
				ALWAYS_SEARCH_USER_PATHS = NO;
				CLANG_ANALYZER_NONNULL = YES;
				CLANG_ANALYZER_NUMBER_OBJECT_CONVERSION = YES_AGGRESSIVE;
				CLANG_CXX_LANGUAGE_STANDARD = "gnu++20";
				CLANG_ENABLE_MODULES = YES;
				CLANG_ENABLE_OBJC_ARC = YES;
				CLANG_ENABLE_OBJC_WEAK = YES;
				CLANG_WARN_BLOCK_CAPTURE_AUTORELEASING = YES;
				CLANG_WARN_BOOL_CONVERSION = YES;
				CLANG_WARN_COMMA = YES;
				CLANG_WARN_CONSTANT_CONVERSION = YES;
				CLANG_WARN_DEPRECATED_OBJC_IMPLEMENTATIONS = YES;
				CLANG_WARN_DIRECT_OBJC_ISA_USAGE = YES_ERROR;
				CLANG_WARN_DOCUMENTATION_COMMENTS = YES;
				CLANG_WARN_EMPTY_BODY = YES;
				CLANG_WARN_ENUM_CONVERSION = YES;
				CLANG_WARN_INFINITE_RECURSION = YES;
				CLANG_WARN_INT_CONVERSION = YES;
				CLANG_WARN_NON_LITERAL_NULL_CONVERSION = YES;
				CLANG_WARN_OBJC_IMPLICIT_RETAIN_SELF = YES;
				CLANG_WARN_OBJC_LITERAL_CONVERSION = YES;
				CLANG_WARN_OBJC_ROOT_CLASS = YES_ERROR;
				CLANG_WARN_QUOTED_INCLUDE_IN_FRAMEWORK_HEADER = YES;
				CLANG_WARN_RANGE_LOOP_ANALYSIS = YES;
				CLANG_WARN_STRICT_PROTOTYPES = YES;
				CLANG_WARN_SUSPICIOUS_MOVE = YES;
				CLANG_WARN_UNGUARDED_AVAILABILITY = YES_AGGRESSIVE;
				CLANG_WARN_UNREACHABLE_CODE = YES;
				CLANG_WARN__DUPLICATE_METHOD_MATCH = YES;
				COPY_PHASE_STRIP = NO;
				DEBUG_INFORMATION_FORMAT = "dwarf-with-dsym";
				ENABLE_NS_ASSERTIONS = NO;
				ENABLE_STRICT_OBJC_MSGSEND = YES;
				GCC_C_LANGUAGE_STANDARD = gnu11;
				GCC_NO_COMMON_BLOCKS = YES;
				GCC_WARN_64_TO_32_BIT_CONVERSION = YES;
				GCC_WARN_ABOUT_RETURN_TYPE = YES_ERROR;
				GCC_WARN_UNDECLARED_SELECTOR = YES;
				GCC_WARN_UNINITIALIZED_AUTOS = YES_AGGRESSIVE;
				GCC_WARN_UNUSED_FUNCTION = YES;
				GCC_WARN_UNUSED_VARIABLE = YES;
				IPHONEOS_DEPLOYMENT_TARGET = 16.1;
				MTL_ENABLE_DEBUG_INFO = NO;
				MTL_FAST_MATH = YES;
				SDKROOT = iphoneos;
				SWIFT_COMPILATION_MODE = wholemodule;
				SWIFT_OPTIMIZATION_LEVEL = "-O";
				VALIDATE_PRODUCT = YES;
			};
			name = Release;
		};
		8AEA8682293B81030027E5E8 /* Debug */ = {
			isa = XCBuildConfiguration;
			baseConfigurationReference = BA222ECEDD8967D7B7489CEC /* Pods-ViewCodeAndMVVM.debug.xcconfig */;
			buildSettings = {
				ASSETCATALOG_COMPILER_APPICON_NAME = AppIcon;
				ASSETCATALOG_COMPILER_GLOBAL_ACCENT_COLOR_NAME = AccentColor;
				CODE_SIGN_STYLE = Automatic;
				CURRENT_PROJECT_VERSION = 1;
				DEVELOPMENT_TEAM = 35MBPZQB9S;
				GENERATE_INFOPLIST_FILE = YES;
				INFOPLIST_FILE = ViewCodeAndMVVM/Info.plist;
				INFOPLIST_KEY_UIApplicationSupportsIndirectInputEvents = YES;
				INFOPLIST_KEY_UILaunchStoryboardName = LaunchScreen;
				INFOPLIST_KEY_UISupportedInterfaceOrientations_iPad = "UIInterfaceOrientationLandscapeLeft UIInterfaceOrientationLandscapeRight UIInterfaceOrientationPortrait UIInterfaceOrientationPortraitUpsideDown";
				LD_RUNPATH_SEARCH_PATHS = (
					"$(inherited)",
					"@executable_path/Frameworks",
				);
				MARKETING_VERSION = 1.0;
				PRODUCT_BUNDLE_IDENTIFIER = com.training.ViewCodeAndMVVM;
				PRODUCT_NAME = "$(TARGET_NAME)";
				SUPPORTED_PLATFORMS = "iphoneos iphonesimulator";
				SUPPORTS_MACCATALYST = NO;
				SUPPORTS_MAC_DESIGNED_FOR_IPHONE_IPAD = YES;
				SWIFT_EMIT_LOC_STRINGS = YES;
				SWIFT_VERSION = 5.0;
				TARGETED_DEVICE_FAMILY = 1;
			};
			name = Debug;
		};
		8AEA8683293B81030027E5E8 /* Release */ = {
			isa = XCBuildConfiguration;
			baseConfigurationReference = D2EB74D4A229E3A072BB1700 /* Pods-ViewCodeAndMVVM.release.xcconfig */;
			buildSettings = {
				ASSETCATALOG_COMPILER_APPICON_NAME = AppIcon;
				ASSETCATALOG_COMPILER_GLOBAL_ACCENT_COLOR_NAME = AccentColor;
				CODE_SIGN_STYLE = Automatic;
				CURRENT_PROJECT_VERSION = 1;
				DEVELOPMENT_TEAM = 35MBPZQB9S;
				GENERATE_INFOPLIST_FILE = YES;
				INFOPLIST_FILE = ViewCodeAndMVVM/Info.plist;
				INFOPLIST_KEY_UIApplicationSupportsIndirectInputEvents = YES;
				INFOPLIST_KEY_UILaunchStoryboardName = LaunchScreen;
				INFOPLIST_KEY_UISupportedInterfaceOrientations_iPad = "UIInterfaceOrientationLandscapeLeft UIInterfaceOrientationLandscapeRight UIInterfaceOrientationPortrait UIInterfaceOrientationPortraitUpsideDown";
				LD_RUNPATH_SEARCH_PATHS = (
					"$(inherited)",
					"@executable_path/Frameworks",
				);
				MARKETING_VERSION = 1.0;
				PRODUCT_BUNDLE_IDENTIFIER = com.training.ViewCodeAndMVVM;
				PRODUCT_NAME = "$(TARGET_NAME)";
				SUPPORTED_PLATFORMS = "iphoneos iphonesimulator";
				SUPPORTS_MACCATALYST = NO;
				SUPPORTS_MAC_DESIGNED_FOR_IPHONE_IPAD = YES;
				SWIFT_EMIT_LOC_STRINGS = YES;
				SWIFT_VERSION = 5.0;
				TARGETED_DEVICE_FAMILY = 1;
			};
			name = Release;
		};
/* End XCBuildConfiguration section */

/* Begin XCConfigurationList section */
		8AEA8668293B81010027E5E8 /* Build configuration list for PBXProject "ViewCodeAndMVVM" */ = {
			isa = XCConfigurationList;
			buildConfigurations = (
				8AEA867F293B81030027E5E8 /* Debug */,
				8AEA8680293B81030027E5E8 /* Release */,
			);
			defaultConfigurationIsVisible = 0;
			defaultConfigurationName = Release;
		};
		8AEA8681293B81030027E5E8 /* Build configuration list for PBXNativeTarget "ViewCodeAndMVVM" */ = {
			isa = XCConfigurationList;
			buildConfigurations = (
				8AEA8682293B81030027E5E8 /* Debug */,
				8AEA8683293B81030027E5E8 /* Release */,
			);
			defaultConfigurationIsVisible = 0;
			defaultConfigurationName = Release;
		};
/* End XCConfigurationList section */
	};
	rootObject = 8AEA8665293B81010027E5E8 /* Project object */;
}
